
Microsoft Visual Studio Solution File, Format Version 12.00
# Visual Studio Version 17
VisualStudioVersion = 17.4.33122.133
MinimumVisualStudioVersion = 10.0.40219.1
Project("{FAE04EC0-301F-11D3-BF4B-00C04F79EFBC}") = "Dijkstra Algorithm", "Dijkstra Algorithm\Dijkstra Algorithm.csproj", "{05B33491-0E50-4471-A79D-53903BABB9FC}"
EndProject
Global
	GlobalSection(SolutionConfigurationPlatforms) = preSolution
		Debug|Any CPU = Debug|Any CPU
		Release|Any CPU = Release|Any CPU
	EndGlobalSection
	GlobalSection(ProjectConfigurationPlatforms) = postSolution
		{05B33491-0E50-4471-A79D-53903BABB9FC}.Debug|Any CPU.ActiveCfg = Debug|Any CPU
		{05B33491-0E50-4471-A79D-53903BABB9FC}.Debug|Any CPU.Build.0 = Debug|Any CPU
		{05B33491-0E50-4471-A79D-53903BABB9FC}.Release|Any CPU.ActiveCfg = Release|Any CPU
		{05B33491-0E50-4471-A79D-53903BABB9FC}.Release|Any CPU.Build.0 = Release|Any CPU
	EndGlobalSection
	GlobalSection(SolutionProperties) = preSolution
		HideSolutionNode = FALSE
	EndGlobalSection
	GlobalSection(ExtensibilityGlobals) = postSolution
		SolutionGuid = {CB228C96-2958-4F5C-A7F9-CE10205001FC}
	EndGlobalSection
EndGlobal
